
Microsoft Visual Studio Solution File, Format Version 12.00
# Visual Studio Version 16
VisualStudioVersion = 16.0.30413.136
MinimumVisualStudioVersion = 10.0.40219.1
Project("{FAE04EC0-301F-11D3-BF4B-00C04F79EFBC}") = "AnagramPair", "AnagramPair\AnagramPair.csproj", "{40FA0438-05DE-4CC6-A500-8874FB88B221}"
EndProject
Global
	GlobalSection(SolutionConfigurationPlatforms) = preSolution
		Debug|Any CPU = Debug|Any CPU
		Release|Any CPU = Release|Any CPU
	EndGlobalSection
	GlobalSection(ProjectConfigurationPlatforms) = postSolution
		{40FA0438-05DE-4CC6-A500-8874FB88B221}.Debug|Any CPU.ActiveCfg = Debug|Any CPU
		{40FA0438-05DE-4CC6-A500-8874FB88B221}.Debug|Any CPU.Build.0 = Debug|Any CPU
		{40FA0438-05DE-4CC6-A500-8874FB88B221}.Release|Any CPU.ActiveCfg = Release|Any CPU
		{40FA0438-05DE-4CC6-A500-8874FB88B221}.Release|Any CPU.Build.0 = Release|Any CPU
	EndGlobalSection
	GlobalSection(SolutionProperties) = preSolution
		HideSolutionNode = FALSE
	EndGlobalSection
	GlobalSection(ExtensibilityGlobals) = postSolution
		SolutionGuid = {7DAAFD89-D979-4A87-AE06-ACAF8975CE36}
	EndGlobalSection
EndGlobal
